{
  "name": "prox-socks-server",
  "version": "0.0.0",
  "lockfileVersion": 3,
  "requires": true,
  "packages": {
    "": {
      "name": "prox-socks-server",
      "version": "0.0.0",
      "dependencies": {
        "proxy-socks": "^0.0.3"
      }
    },
    "node_modules/.deno/proxy-socks@0.0.2/node_modules/proxy-socks": {
      "version": "0.0.2",
      "extraneous": true,
      "license": "ISC"
    },
    "node_modules/proxy-socks": {
      "version": "0.0.3",
      "resolved": "https://registry.npmjs.org/proxy-socks/-/proxy-socks-0.0.3.tgz",
      "integrity": "sha512-iUOsmKEje8sEL00TbFddRrb7pQZHhhdm0GohYqYwAJs8ow+J/aciUY4mrxE2TIreH3lsNrruEOk7AINV6iRBkw=="
    }
  }
}
